<?xml version="1.0" encoding="utf-8"?>
<Project ToolsVersion="4.0" xmlns="http://schemas.microsoft.com/developer/msbuild/2003">
  <ItemGroup>
    <Filter Include="Source Files">
      <UniqueIdentifier>{4FC737F1-C7A5-4376-A066-2A32D752A2FF}</UniqueIdentifier>
      <Extensions>qml;cpp;c;cc;cxx;def;odl;idl;hpj;bat;asm;asmx</Extensions>
    </Filter>
    <Filter Include="Header Files">
      <UniqueIdentifier>{93995380-89BD-4b04-88EB-625FBE52EBFB}</UniqueIdentifier>
      <Extensions>h;hh;hpp;hxx;hm;inl;inc;xsd</Extensions>
    </Filter>
    <Filter Include="Resource Files">
      <UniqueIdentifier>{67DA6AB6-F800-4c08-8B7A-83BB121AAD01}</UniqueIdentifier>
      <Extensions>qrc;rc;ico;cur;bmp;dlg;rc2;rct;bin;rgs;gif;jpg;jpeg;jpe;resx;tiff;tif;png;wav;mfcribbon-ms</Extensions>
    </Filter>
    <Filter Include="Form Files">
      <UniqueIdentifier>{99349809-55BA-4b9d-BF79-8FDBB0286EB3}</UniqueIdentifier>
      <Extensions>ui</Extensions>
    </Filter>
    <Filter Include="Translation Files">
      <UniqueIdentifier>{639EADAA-A684-42e4-A9AD-28FC9BCB8F7C}</UniqueIdentifier>
      <Extensions>ts</Extensions>
    </Filter>
  </ItemGroup>
  <ItemGroup>
    <QtRcc Include="musicreader.qrc">
      <Filter>Resource Files</Filter>
    </QtRcc>
    <QtUic Include="musicreader.ui">
      <Filter>Form Files</Filter>
    </QtUic>
    <QtMoc Include="musicreader.h">
      <Filter>Header Files</Filter>
    </QtMoc>
    <ClCompile Include="musicreader.cpp">
      <Filter>Source Files</Filter>
    </ClCompile>
  </ItemGroup>
  <ItemGroup>
    <ClCompile Include="main.cpp">
      <Filter>Source Files</Filter>
    </ClCompile>
    <ClCompile Include="bookmark_panel.cpp">
      <Filter>Source Files</Filter>
    </ClCompile>
    <ClCompile Include="bookmark_treewidget.cpp">
      <Filter>Source Files</Filter>
    </ClCompile>
    <ClCompile Include="document.cpp">
      <Filter>Source Files</Filter>
    </ClCompile>
    <ClCompile Include="bookmark.cpp">
      <Filter>Source Files</Filter>
    </ClCompile>
    <ClCompile Include="logger.cpp">
      <Filter>Source Files</Filter>
    </ClCompile>
    <ClCompile Include="config_file.cpp">
      <Filter>Source Files</Filter>
    </ClCompile>
    <ClCompile Include="pdf_viewer.cpp">
      <Filter>Source Files</Filter>
    </ClCompile>
    <ClCompile Include="border.cpp">
      <Filter>Source Files</Filter>
    </ClCompile>
    <ClCompile Include="config_dialog.cpp">
      <Filter>Source Files</Filter>
    </ClCompile>
    <ClCompile Include="fast_file_search_dialog.cpp">
      <Filter>Source Files</Filter>
    </ClCompile>
    <ClCompile Include="qpdf_document.cpp">
      <Filter>Source Files</Filter>
    </ClCompile>
    <ClCompile Include="bookmark_setter.cpp">
      <Filter>Source Files</Filter>
    </ClCompile>
  </ItemGroup>
  <ItemGroup>
    <QtMoc Include="bookmark_titlebar.h">
      <Filter>Header Files</Filter>
    </QtMoc>
    <QtMoc Include="bookmark_treewidget.h">
      <Filter>Header Files</Filter>
    </QtMoc>
    <QtMoc Include="bookmark_panel.h">
      <Filter>Header Files</Filter>
    </QtMoc>
    <QtMoc Include="pdf_viewer.h">
      <Filter>Header Files</Filter>
    </QtMoc>
    <QtMoc Include="status_bar.h">
      <Filter>Header Files</Filter>
    </QtMoc>
    <QtMoc Include="config_dialog.h">
      <Filter>Header Files</Filter>
    </QtMoc>
    <QtMoc Include="directory_watcher.h">
      <Filter>Header Files</Filter>
    </QtMoc>
    <QtMoc Include="fast_file_search_dialog.h">
      <Filter>Header Files</Filter>
    </QtMoc>
    <QtMoc Include="fullscreen_exit_button.h">
      <Filter>Header Files</Filter>
    </QtMoc>
    <QtMoc Include="file_viewer.h">
      <Filter>Header Files</Filter>
    </QtMoc>
    <QtMoc Include="document.h">
      <Filter>Header Files</Filter>
    </QtMoc>
  </ItemGroup>
  <ItemGroup>
    <ClInclude Include="bookmark.h">
      <Filter>Header Files</Filter>
    </ClInclude>
    <ClInclude Include="logger.h">
      <Filter>Header Files</Filter>
    </ClInclude>
    <ClInclude Include="config_file.h">
      <Filter>Header Files</Filter>
    </ClInclude>
    <ClInclude Include="json.hpp">
      <Filter>Header Files</Filter>
    </ClInclude>
    <ClInclude Include="wait_cursor.h">
      <Filter>Header Files</Filter>
    </ClInclude>
    <ClInclude Include="exception_logger.h">
      <Filter>Header Files</Filter>
    </ClInclude>
    <ClInclude Include="border.h">
      <Filter>Header Files</Filter>
    </ClInclude>
    <ClInclude Include="page.h">
      <Filter>Header Files</Filter>
    </ClInclude>
    <ClInclude Include="qt_utils.h">
      <Filter>Header Files</Filter>
    </ClInclude>
    <ClInclude Include="utils.h">
      <Filter>Header Files</Filter>
    </ClInclude>
    <ClInclude Include="qpdf_document.h">
      <Filter>Header Files</Filter>
    </ClInclude>
    <ClInclude Include="resource.h">
      <Filter>Header Files</Filter>
    </ClInclude>
    <ClInclude Include="vertical_tabs_widget.h">
      <Filter>Header Files</Filter>
    </ClInclude>
    <ClInclude Include="fitz_utils.h">
      <Filter>Header Files</Filter>
    </ClInclude>
    <ClInclude Include="bookmark_setter.h">
      <Filter>Header Files</Filter>
    </ClInclude>
    <ClInclude Include="log_timer.h">
      <Filter>Header Files</Filter>
    </ClInclude>
  </ItemGroup>
  <ItemGroup>
    <None Include=".editorconfig" />
  </ItemGroup>
  <ItemGroup>
    <Natvis Include="MusicReader.natvis" />
  </ItemGroup>
  <ItemGroup>
    <ResourceCompile Include="MusicReader.rc">
      <Filter>Resource Files</Filter>
    </ResourceCompile>
  </ItemGroup>
  <ItemGroup>
    <Image Include="gclef.ico">
      <Filter>Resource Files</Filter>
    </Image>
  </ItemGroup>
</Project>