<?xml version="1.0" encoding="utf-8"?>
<Project ToolsVersion="4.0" xmlns="http://schemas.microsoft.com/developer/msbuild/2003">
  <ItemGroup>
    <Filter Include="Resource Files">
      <UniqueIdentifier>{67DA6AB6-F800-4c08-8B7A-83BB121AAD01}</UniqueIdentifier>
      <Extensions>qrc;rc;ico;cur;bmp;dlg;rc2;rct;bin;rgs;gif;jpg;jpeg;jpe;resx;tiff;tif;png;wav;mfcribbon-ms</Extensions>
    </Filter>
    <Filter Include="Form Files">
      <UniqueIdentifier>{99349809-55BA-4b9d-BF79-8FDBB0286EB3}</UniqueIdentifier>
      <Extensions>ui</Extensions>
    </Filter>
    <Filter Include="Translation Files">
      <UniqueIdentifier>{639EADAA-A684-42e4-A9AD-28FC9BCB8F7C}</UniqueIdentifier>
      <Extensions>ts</Extensions>
    </Filter>
  </ItemGroup>
  <ItemGroup>
    <QtRcc Include="musicreader.qrc">
      <Filter>Resource Files</Filter>
    </QtRcc>
    <QtUic Include="musicreader.ui">
      <Filter>Form Files</Filter>
    </QtUic>
  </ItemGroup>
  <ItemGroup>
    <ClCompile Include="annotation.cpp" />
    <ClCompile Include="bookmark.cpp" />
    <ClCompile Include="bookmark_panel.cpp" />
    <ClCompile Include="bookmark_treewidget.cpp" />
    <ClCompile Include="border.cpp" />
    <ClCompile Include="config_dialog.cpp" />
    <ClCompile Include="config_file.cpp" />
    <ClCompile Include="dev_status_dialog.cpp" />
    <ClCompile Include="document.cpp" />
    <ClCompile Include="document_info.cpp" />
    <ClCompile Include="document_load_manager.cpp" />
    <ClCompile Include="fast_file_search_dialog.cpp" />
    <ClCompile Include="fitz_utils.cpp" />
    <ClCompile Include="font_info.cpp" />
    <ClCompile Include="in_place_annotation_editor.cpp" />
    <ClCompile Include="logger.cpp" />
    <ClCompile Include="main.cpp" />
    <ClCompile Include="music_reader.cpp" />
    <ClCompile Include="page_renderer.cpp" />
    <ClCompile Include="pdf_viewer.cpp" />
    <ClCompile Include="performance_data.cpp" />
    <ClCompile Include="tour_dialog.cpp" />
  </ItemGroup>
  <ItemGroup>
    <QtMoc Include="bookmark_panel.h" />
    <QtMoc Include="bookmark_titlebar.h" />
    <QtMoc Include="bookmark_treewidget.h" />
    <QtMoc Include="config_dialog.h" />
    <QtMoc Include="dev_status_dialog.h" />
    <QtMoc Include="directory_watcher.h" />
    <QtMoc Include="document.h" />
    <QtMoc Include="document_load_manager.h" />
    <QtMoc Include="fast_file_search_dialog.h" />
    <QtMoc Include="file_viewer.h" />
    <QtMoc Include="fullscreen_exit_button.h" />
    <QtMoc Include="horizontal_tabs_widget.h" />
    <QtMoc Include="in_place_annotation_editor.h" />
    <QtMoc Include="music_reader.h" />
    <QtMoc Include="pdf_viewer.h" />
    <QtMoc Include="status_bar.h" />
    <QtMoc Include="tour_dialog.h" />
  </ItemGroup>
  <ItemGroup>
    <ClInclude Include="annotation.h" />
    <ClInclude Include="bookmark.h" />
    <ClInclude Include="border.h" />
    <ClInclude Include="config_file.h" />
    <ClInclude Include="document_helpers.h" />
    <ClInclude Include="document_info.h" />
    <ClInclude Include="exception_logger.h" />
    <ClInclude Include="fitz_utils.h" />
    <ClInclude Include="font_info.h" />
    <ClInclude Include="json.hpp" />
    <ClInclude Include="log_timer.h" />
    <ClInclude Include="logger.h" />
    <ClInclude Include="page.h" />
    <ClInclude Include="page_renderer.h" />
    <ClInclude Include="performance_data.h" />
    <ClInclude Include="performance_mode.h" />
    <ClInclude Include="qt_utils.h" />
    <ClInclude Include="requires.h" />
    <ClInclude Include="resource.h" />
    <ClInclude Include="utils.h" />
    <ClInclude Include="vertical_tabs_widget.h" />
    <ClInclude Include="wait_cursor.h" />
    <ClInclude Include="annotation_coords.h" />
  </ItemGroup>
  <ItemGroup>
    <None Include=".editorconfig" />
  </ItemGroup>
  <ItemGroup>
    <Natvis Include="MusicReader.natvis" />
  </ItemGroup>
  <ItemGroup>
    <ResourceCompile Include="MusicReader.rc">
      <Filter>Resource Files</Filter>
    </ResourceCompile>
  </ItemGroup>
  <ItemGroup>
    <Image Include="gclef.ico">
      <Filter>Resource Files</Filter>
    </Image>
    <Image Include="images\perform.ico">
      <Filter>Resource Files</Filter>
    </Image>
  </ItemGroup>
</Project>